{
  "name": "boost-test-adapter",
  "version": "1.0.0",
  "lockfileVersion": 1,
  "requires": true,
  "dependencies": {
    "@types/node": {
      "version": "8.9.3",
      "resolved": "https://registry.npmjs.org/@types/node/-/node-8.9.3.tgz",
      "integrity": "sha512-wqrPE4Uvj2fmL0E5JFQiY7D/5bAKvVUfWTnQ5NEV35ULkAU0j3QuqIi9Qyrytz8M5hsrh8Kijt+FsdLQaZR+IA==",
      "dev": true
    },
    "@types/vscode": {
      "version": "1.26.0",
      "resolved": "https://registry.npmjs.org/@types/vscode/-/vscode-1.26.0.tgz",
      "integrity": "sha512-RyfUePg6W/tx1n9zLePuDTJSUXYZlegzCe5xBK000MeVWq+wDD1sfk57UqKghHCj7pr84RmNyTOg9fHJioUwuQ==",
      "dev": true
    },
    "tslib": {
      "version": "1.10.0",
      "resolved": "https://registry.npmjs.org/tslib/-/tslib-1.10.0.tgz",
      "integrity": "sha512-qOebF53frne81cf0S9B41ByenJ3/IuH8yJKngAX35CmiZySA0khhkovshKK+jGCaMnVomla7gVlIcc3EvKPbTQ=="
    },
    "typescript": {
      "version": "3.8.3",
      "resolved": "https://registry.npmjs.org/typescript/-/typescript-3.8.3.tgz",
      "integrity": "sha512-MYlEfn5VrLNsgudQTVJeNaQFUAI7DkhnOjdpAp4T+ku1TfQClewlbSuTVHiA+8skNBgaf02TL/kLOvig4y3G8w==",
      "dev": true
    },
    "vscode-test-adapter-api": {
      "version": "1.7.0",
      "resolved": "https://registry.npmjs.org/vscode-test-adapter-api/-/vscode-test-adapter-api-1.7.0.tgz",
      "integrity": "sha512-X0rTcoDhDBmpmJuev2C5+GHGZD41nmcRYoSe7iw5e9/aIPTOFve1T1F5x9gb+zXoNQnkXSDibyMkeHDKtIkqCg=="
    },
    "vscode-test-adapter-util": {
      "version": "0.7.0",
      "resolved": "https://registry.npmjs.org/vscode-test-adapter-util/-/vscode-test-adapter-util-0.7.0.tgz",
      "integrity": "sha512-eAsB8koXct5JytvUcV62wLEBCQfsoclauzMLEFT6H0qBr1h8LyRc+dGDcs48pO28yFOo6VV+5AwCRLxTKh7TzQ==",
      "requires": {
        "tslib": "^1.9.3",
        "vscode-test-adapter-api": "^1.7.0"
      }
    }
  }
}
